
Microsoft Visual Studio Solution File, Format Version 12.00
# Visual Studio Version 17
VisualStudioVersion = 17.6.33815.320
MinimumVisualStudioVersion = 10.0.40219.1
Project("{FAE04EC0-301F-11D3-BF4B-00C04F79EFBC}") = "WpfApp2", "WpfApp2\WpfApp2.csproj", "{AE6F6ACB-3D0E-48C6-A603-F59AEE34B041}"
EndProject
Global
	GlobalSection(SolutionConfigurationPlatforms) = preSolution
		Debug|Any CPU = Debug|Any CPU
		Release|Any CPU = Release|Any CPU
	EndGlobalSection
	GlobalSection(ProjectConfigurationPlatforms) = postSolution
		{AE6F6ACB-3D0E-48C6-A603-F59AEE34B041}.Debug|Any CPU.ActiveCfg = Debug|Any CPU
		{AE6F6ACB-3D0E-48C6-A603-F59AEE34B041}.Debug|Any CPU.Build.0 = Debug|Any CPU
		{AE6F6ACB-3D0E-48C6-A603-F59AEE34B041}.Release|Any CPU.ActiveCfg = Release|Any CPU
		{AE6F6ACB-3D0E-48C6-A603-F59AEE34B041}.Release|Any CPU.Build.0 = Release|Any CPU
	EndGlobalSection
	GlobalSection(SolutionProperties) = preSolution
		HideSolutionNode = FALSE
	EndGlobalSection
	GlobalSection(ExtensibilityGlobals) = postSolution
		SolutionGuid = {00F8B10D-14A0-4B61-B06D-60ED5B97894D}
	EndGlobalSection
EndGlobal
